
Microsoft Visual Studio Solution File, Format Version 12.00
# Visual Studio Version 17
VisualStudioVersion = 17.1.32228.430
MinimumVisualStudioVersion = 10.0.40219.1
Project("{888888A0-9F3D-457C-B088-3A5042F75D52}") = "BlockLetters", "BlockLetters\BlockLetters.pyproj", "{CA80A20D-B66B-4812-8857-DF87B4A818A0}"
EndProject
Global
	GlobalSection(SolutionConfigurationPlatforms) = preSolution
		Debug|Any CPU = Debug|Any CPU
		Release|Any CPU = Release|Any CPU
	EndGlobalSection
	GlobalSection(ProjectConfigurationPlatforms) = postSolution
		{CA80A20D-B66B-4812-8857-DF87B4A818A0}.Debug|Any CPU.ActiveCfg = Debug|Any CPU
		{CA80A20D-B66B-4812-8857-DF87B4A818A0}.Release|Any CPU.ActiveCfg = Release|Any CPU
	EndGlobalSection
	GlobalSection(SolutionProperties) = preSolution
		HideSolutionNode = FALSE
	EndGlobalSection
	GlobalSection(ExtensibilityGlobals) = postSolution
		SolutionGuid = {CFE498D1-223F-4D23-8F65-0BD1118D1EBA}
	EndGlobalSection
EndGlobal
